
Microsoft Visual Studio Solution File, Format Version 12.00
# Visual Studio Version 16
VisualStudioVersion = 16.0.35130.168
MinimumVisualStudioVersion = 10.0.40219.1
Project("{FAE04EC0-301F-11D3-BF4B-00C04F79EFBC}") = "CountCharacterInString", "CountCharacterInString\CountCharacterInString.csproj", "{C8808044-4CC9-4599-A1E1-E4F785205C14}"
EndProject
Project("{54A90642-561A-4BB1-A94E-469ADEE60C69}") = "JavascriptCodingInterview", "JavascriptCodingInterview\JavascriptCodingInterview.esproj", "{A0D94076-B82B-4478-A4A7-452238D1D37C}"
EndProject
Project("{9A19103F-16F7-4668-BE54-9A1E7A4F7556}") = "InterviewQAndA", "InterviewQAndA\InterviewQAndA.csproj", "{A27D0962-4376-43D7-A2D3-390474A97E42}"
EndProject
Project("{FAE04EC0-301F-11D3-BF4B-00C04F79EFBC}") = "LINQ_Tutorials", "LINQ_Tutorials\LINQ_Tutorials.csproj", "{EC60B2E5-D8B7-49F9-97B3-4C13E71A6B10}"
EndProject
Project("{FAE04EC0-301F-11D3-BF4B-00C04F79EFBC}") = "AES256_AdvancedEncryptionStandard", "AES256_AdvancedEncryptionStandard\AES256_AdvancedEncryptionStandard.csproj", "{DAEB767C-7C5A-4BEB-9DBB-FC3175850D74}"
EndProject
Project("{2150E333-8FDC-42A3-9474-1A3956D46DE8}") = "AES256", "AES256", "{15AA33E7-BC4F-4AFF-AD7D-30A160C08686}"
	ProjectSection(SolutionItems) = preProject
		C:\Users\intel\Desktop\AES256-Part1.png = C:\Users\intel\Desktop\AES256-Part1.png
	EndProjectSection
EndProject
Project("{FAE04EC0-301F-11D3-BF4B-00C04F79EFBC}") = "FactoryDesignPattern", "FactoryMethods\FactoryDesignPattern.csproj", "{A75D56F4-BC44-4E9C-895C-EA9DBD7B9305}"
EndProject
Project("{FAE04EC0-301F-11D3-BF4B-00C04F79EFBC}") = "FactoryMethodDesignPattern", "FactoryMethodDesignPattern\FactoryMethodDesignPattern.csproj", "{6469FADE-F9C9-428A-B23A-DCCEF5ADBDF3}"
EndProject
Project("{FAE04EC0-301F-11D3-BF4B-00C04F79EFBC}") = "AbstractFactoryDesignPattern", "AbstractFactoryDesignPattern\AbstractFactoryDesignPattern.csproj", "{42903CC1-9C40-413B-A38B-A462CEF69A84}"
EndProject
Project("{FAE04EC0-301F-11D3-BF4B-00C04F79EFBC}") = "SingletonDesignPattern", "SingletonDesignPattern\SingletonDesignPattern.csproj", "{44D3B1AF-7D95-4217-97F6-B81F9B605269}"
EndProject
Project("{FAE04EC0-301F-11D3-BF4B-00C04F79EFBC}") = "ObserverDesignPattern", "ObserverDesignPattern\ObserverDesignPattern.csproj", "{A31D459B-B228-4B50-A83B-7108A5CEDF97}"
EndProject
Project("{FAE04EC0-301F-11D3-BF4B-00C04F79EFBC}") = "CodeSnippetOutput", "CodeSnippetOutput\CodeSnippetOutput.csproj", "{C4569BEE-DAA5-4D1B-9653-08AA32420D63}"
EndProject
Global
	GlobalSection(SolutionConfigurationPlatforms) = preSolution
		Debug|Any CPU = Debug|Any CPU
		Release|Any CPU = Release|Any CPU
	EndGlobalSection
	GlobalSection(ProjectConfigurationPlatforms) = postSolution
		{C8808044-4CC9-4599-A1E1-E4F785205C14}.Debug|Any CPU.ActiveCfg = Debug|Any CPU
		{C8808044-4CC9-4599-A1E1-E4F785205C14}.Debug|Any CPU.Build.0 = Debug|Any CPU
		{C8808044-4CC9-4599-A1E1-E4F785205C14}.Release|Any CPU.ActiveCfg = Release|Any CPU
		{C8808044-4CC9-4599-A1E1-E4F785205C14}.Release|Any CPU.Build.0 = Release|Any CPU
		{A0D94076-B82B-4478-A4A7-452238D1D37C}.Debug|Any CPU.ActiveCfg = Debug|Any CPU
		{A0D94076-B82B-4478-A4A7-452238D1D37C}.Debug|Any CPU.Build.0 = Debug|Any CPU
		{A0D94076-B82B-4478-A4A7-452238D1D37C}.Debug|Any CPU.Deploy.0 = Debug|Any CPU
		{A0D94076-B82B-4478-A4A7-452238D1D37C}.Release|Any CPU.ActiveCfg = Release|Any CPU
		{A0D94076-B82B-4478-A4A7-452238D1D37C}.Release|Any CPU.Build.0 = Release|Any CPU
		{A0D94076-B82B-4478-A4A7-452238D1D37C}.Release|Any CPU.Deploy.0 = Release|Any CPU
		{A27D0962-4376-43D7-A2D3-390474A97E42}.Debug|Any CPU.ActiveCfg = Debug|Any CPU
		{A27D0962-4376-43D7-A2D3-390474A97E42}.Debug|Any CPU.Build.0 = Debug|Any CPU
		{A27D0962-4376-43D7-A2D3-390474A97E42}.Release|Any CPU.ActiveCfg = Release|Any CPU
		{A27D0962-4376-43D7-A2D3-390474A97E42}.Release|Any CPU.Build.0 = Release|Any CPU
		{EC60B2E5-D8B7-49F9-97B3-4C13E71A6B10}.Debug|Any CPU.ActiveCfg = Debug|Any CPU
		{EC60B2E5-D8B7-49F9-97B3-4C13E71A6B10}.Debug|Any CPU.Build.0 = Debug|Any CPU
		{EC60B2E5-D8B7-49F9-97B3-4C13E71A6B10}.Release|Any CPU.ActiveCfg = Release|Any CPU
		{EC60B2E5-D8B7-49F9-97B3-4C13E71A6B10}.Release|Any CPU.Build.0 = Release|Any CPU
		{DAEB767C-7C5A-4BEB-9DBB-FC3175850D74}.Debug|Any CPU.ActiveCfg = Debug|Any CPU
		{DAEB767C-7C5A-4BEB-9DBB-FC3175850D74}.Debug|Any CPU.Build.0 = Debug|Any CPU
		{DAEB767C-7C5A-4BEB-9DBB-FC3175850D74}.Release|Any CPU.ActiveCfg = Release|Any CPU
		{DAEB767C-7C5A-4BEB-9DBB-FC3175850D74}.Release|Any CPU.Build.0 = Release|Any CPU
		{A75D56F4-BC44-4E9C-895C-EA9DBD7B9305}.Debug|Any CPU.ActiveCfg = Debug|Any CPU
		{A75D56F4-BC44-4E9C-895C-EA9DBD7B9305}.Debug|Any CPU.Build.0 = Debug|Any CPU
		{A75D56F4-BC44-4E9C-895C-EA9DBD7B9305}.Release|Any CPU.ActiveCfg = Release|Any CPU
		{A75D56F4-BC44-4E9C-895C-EA9DBD7B9305}.Release|Any CPU.Build.0 = Release|Any CPU
		{6469FADE-F9C9-428A-B23A-DCCEF5ADBDF3}.Debug|Any CPU.ActiveCfg = Debug|Any CPU
		{6469FADE-F9C9-428A-B23A-DCCEF5ADBDF3}.Debug|Any CPU.Build.0 = Debug|Any CPU
		{6469FADE-F9C9-428A-B23A-DCCEF5ADBDF3}.Release|Any CPU.ActiveCfg = Release|Any CPU
		{6469FADE-F9C9-428A-B23A-DCCEF5ADBDF3}.Release|Any CPU.Build.0 = Release|Any CPU
		{42903CC1-9C40-413B-A38B-A462CEF69A84}.Debug|Any CPU.ActiveCfg = Debug|Any CPU
		{42903CC1-9C40-413B-A38B-A462CEF69A84}.Debug|Any CPU.Build.0 = Debug|Any CPU
		{42903CC1-9C40-413B-A38B-A462CEF69A84}.Release|Any CPU.ActiveCfg = Release|Any CPU
		{42903CC1-9C40-413B-A38B-A462CEF69A84}.Release|Any CPU.Build.0 = Release|Any CPU
		{44D3B1AF-7D95-4217-97F6-B81F9B605269}.Debug|Any CPU.ActiveCfg = Debug|Any CPU
		{44D3B1AF-7D95-4217-97F6-B81F9B605269}.Debug|Any CPU.Build.0 = Debug|Any CPU
		{44D3B1AF-7D95-4217-97F6-B81F9B605269}.Release|Any CPU.ActiveCfg = Release|Any CPU
		{44D3B1AF-7D95-4217-97F6-B81F9B605269}.Release|Any CPU.Build.0 = Release|Any CPU
		{A31D459B-B228-4B50-A83B-7108A5CEDF97}.Debug|Any CPU.ActiveCfg = Debug|Any CPU
		{A31D459B-B228-4B50-A83B-7108A5CEDF97}.Debug|Any CPU.Build.0 = Debug|Any CPU
		{A31D459B-B228-4B50-A83B-7108A5CEDF97}.Release|Any CPU.ActiveCfg = Release|Any CPU
		{A31D459B-B228-4B50-A83B-7108A5CEDF97}.Release|Any CPU.Build.0 = Release|Any CPU
		{C4569BEE-DAA5-4D1B-9653-08AA32420D63}.Debug|Any CPU.ActiveCfg = Debug|Any CPU
		{C4569BEE-DAA5-4D1B-9653-08AA32420D63}.Debug|Any CPU.Build.0 = Debug|Any CPU
		{C4569BEE-DAA5-4D1B-9653-08AA32420D63}.Release|Any CPU.ActiveCfg = Release|Any CPU
		{C4569BEE-DAA5-4D1B-9653-08AA32420D63}.Release|Any CPU.Build.0 = Release|Any CPU
	EndGlobalSection
	GlobalSection(SolutionProperties) = preSolution
		HideSolutionNode = FALSE
	EndGlobalSection
	GlobalSection(ExtensibilityGlobals) = postSolution
		SolutionGuid = {6A84A87B-F058-4541-BC82-1D3979CD1E60}
	EndGlobalSection
EndGlobal
